
Microsoft Visual Studio Solution File, Format Version 12.00
# Visual Studio 15
VisualStudioVersion = 15.0.28307.645
MinimumVisualStudioVersion = 10.0.40219.1
Project("{FAE04EC0-301F-11D3-BF4B-00C04F79EFBC}") = "New_DFT", "New_DFT\New_DFT.csproj", "{05B60684-BBDE-4B1E-9E6F-B5BCCEE83200}"
EndProject
Global
	GlobalSection(SolutionConfigurationPlatforms) = preSolution
		Debug|Any CPU = Debug|Any CPU
		Release|Any CPU = Release|Any CPU
	EndGlobalSection
	GlobalSection(ProjectConfigurationPlatforms) = postSolution
		{05B60684-BBDE-4B1E-9E6F-B5BCCEE83200}.Debug|Any CPU.ActiveCfg = Debug|Any CPU
		{05B60684-BBDE-4B1E-9E6F-B5BCCEE83200}.Debug|Any CPU.Build.0 = Debug|Any CPU
		{05B60684-BBDE-4B1E-9E6F-B5BCCEE83200}.Release|Any CPU.ActiveCfg = Release|Any CPU
		{05B60684-BBDE-4B1E-9E6F-B5BCCEE83200}.Release|Any CPU.Build.0 = Release|Any CPU
	EndGlobalSection
	GlobalSection(SolutionProperties) = preSolution
		HideSolutionNode = FALSE
	EndGlobalSection
	GlobalSection(ExtensibilityGlobals) = postSolution
		SolutionGuid = {A3F08D38-6BCD-41EB-A191-2844FBA091A5}
	EndGlobalSection
EndGlobal
